
Microsoft Visual Studio Solution File, Format Version 12.00
# Visual Studio Version 17
VisualStudioVersion = 17.4.33213.308
MinimumVisualStudioVersion = 10.0.40219.1
Project("{9A19103F-16F7-4668-BE54-9A1E7A4F7556}") = "ContentsLimitInsurance", "ContentsLimitInsurance.csproj", "{E665EC9E-DA2C-4E91-B7C7-406EDB972116}"
EndProject
Global
	GlobalSection(SolutionConfigurationPlatforms) = preSolution
		Debug|Any CPU = Debug|Any CPU
		Release|Any CPU = Release|Any CPU
	EndGlobalSection
	GlobalSection(ProjectConfigurationPlatforms) = postSolution
		{E665EC9E-DA2C-4E91-B7C7-406EDB972116}.Debug|Any CPU.ActiveCfg = Debug|Any CPU
		{E665EC9E-DA2C-4E91-B7C7-406EDB972116}.Debug|Any CPU.Build.0 = Debug|Any CPU
		{E665EC9E-DA2C-4E91-B7C7-406EDB972116}.Release|Any CPU.ActiveCfg = Release|Any CPU
		{E665EC9E-DA2C-4E91-B7C7-406EDB972116}.Release|Any CPU.Build.0 = Release|Any CPU
	EndGlobalSection
	GlobalSection(SolutionProperties) = preSolution
		HideSolutionNode = FALSE
	EndGlobalSection
	GlobalSection(ExtensibilityGlobals) = postSolution
		SolutionGuid = {3F642E8F-F7AF-4F56-B37F-0EE6EBC8110B}
	EndGlobalSection
EndGlobal
